// !$*UTF8*$!
{
	archiveVersion = 1;
	classes = {
	};
	objectVersion = 55;
	objects = {

/* Begin PBXBuildFile section */
		14779D0F2761BC9600B64B98 /* IconDemoView.swift in Sources */ = {isa = PBXBuildFile; fileRef = 14779D0E2761BC9600B64B98 /* IconDemoView.swift */; };
		149C74F32741E28D00B5B8C8 /* VectorIconsApp.swift in Sources */ = {isa = PBXBuildFile; fileRef = 149C74F22741E28D00B5B8C8 /* VectorIconsApp.swift */; };
		149C74F52741E28D00B5B8C8 /* IconListView.swift in Sources */ = {isa = PBXBuildFile; fileRef = 149C74F42741E28D00B5B8C8 /* IconListView.swift */; };
		149C74F72741E28F00B5B8C8 /* Assets.xcassets in Resources */ = {isa = PBXBuildFile; fileRef = 149C74F62741E28F00B5B8C8 /* Assets.xcassets */; };
		149C74FA2741E28F00B5B8C8 /* Preview Assets.xcassets in Resources */ = {isa = PBXBuildFile; fileRef = 149C74F92741E28F00B5B8C8 /* Preview Assets.xcassets */; };
		149C75042741E28F00B5B8C8 /* VectorIconsTests.swift in Sources */ = {isa = PBXBuildFile; fileRef = 149C75032741E28F00B5B8C8 /* VectorIconsTests.swift */; };
		149C750E2741E28F00B5B8C8 /* VectorIconsUITests.swift in Sources */ = {isa = PBXBuildFile; fileRef = 149C750D2741E28F00B5B8C8 /* VectorIconsUITests.swift */; };
		149C75102741E28F00B5B8C8 /* VectorIconsUITestsLaunchTests.swift in Sources */ = {isa = PBXBuildFile; fileRef = 149C750F2741E28F00B5B8C8 /* VectorIconsUITestsLaunchTests.swift */; };
		149C751E2741E2B600B5B8C8 /* Icon.swift in Sources */ = {isa = PBXBuildFile; fileRef = 149C751D2741E2B600B5B8C8 /* Icon.swift */; };
		149C75412742008900B5B8C8 /* FontRegistering.swift in Sources */ = {isa = PBXBuildFile; fileRef = 149C75402742008900B5B8C8 /* FontRegistering.swift */; };
		149C7543274200A500B5B8C8 /* IconFont.swift in Sources */ = {isa = PBXBuildFile; fileRef = 149C7542274200A500B5B8C8 /* IconFont.swift */; };
		14A8130C27584A6B00853C15 /* Entypo.swift in Sources */ = {isa = PBXBuildFile; fileRef = 14A812ED27584A6B00853C15 /* Entypo.swift */; };
		14A8130D27584A6B00853C15 /* MaterialIcons.swift in Sources */ = {isa = PBXBuildFile; fileRef = 14A812EE27584A6B00853C15 /* MaterialIcons.swift */; };
		14A8130E27584A6B00853C15 /* Octicons.swift in Sources */ = {isa = PBXBuildFile; fileRef = 14A812EF27584A6B00853C15 /* Octicons.swift */; };
		14A8130F27584A6B00853C15 /* SimpleLineIcons.swift in Sources */ = {isa = PBXBuildFile; fileRef = 14A812F027584A6B00853C15 /* SimpleLineIcons.swift */; };
		14A8131027584A6B00853C15 /* Zocial.swift in Sources */ = {isa = PBXBuildFile; fileRef = 14A812F127584A6B00853C15 /* Zocial.swift */; };
		14A8131127584A6B00853C15 /* FontAwesome5.swift in Sources */ = {isa = PBXBuildFile; fileRef = 14A812F227584A6B00853C15 /* FontAwesome5.swift */; };
		14A8131227584A6B00853C15 /* Feather.swift in Sources */ = {isa = PBXBuildFile; fileRef = 14A812F327584A6B00853C15 /* Feather.swift */; };
		14A8131327584A6B00853C15 /* Ionicons.swift in Sources */ = {isa = PBXBuildFile; fileRef = 14A812F427584A6B00853C15 /* Ionicons.swift */; };
		14A8131427584A6B00853C15 /* Foundation.swift in Sources */ = {isa = PBXBuildFile; fileRef = 14A812F527584A6B00853C15 /* Foundation.swift */; };
		14A8131527584A6B00853C15 /* Fontisto.swift in Sources */ = {isa = PBXBuildFile; fileRef = 14A812F627584A6B00853C15 /* Fontisto.swift */; };
		14A8131627584A6B00853C15 /* FontAwesome.swift in Sources */ = {isa = PBXBuildFile; fileRef = 14A812F727584A6B00853C15 /* FontAwesome.swift */; };
		14A8131727584A6B00853C15 /* AntDesign.swift in Sources */ = {isa = PBXBuildFile; fileRef = 14A812F827584A6B00853C15 /* AntDesign.swift */; };
		14A8131827584A6B00853C15 /* MaterialCommunityIcons.swift in Sources */ = {isa = PBXBuildFile; fileRef = 14A812F927584A6B00853C15 /* MaterialCommunityIcons.swift */; };
		14A8131927584A6B00853C15 /* EvilIcons.swift in Sources */ = {isa = PBXBuildFile; fileRef = 14A812FA27584A6B00853C15 /* EvilIcons.swift */; };
		14A8131A27584A6B00853C15 /* Fontisto.ttf in Resources */ = {isa = PBXBuildFile; fileRef = 14A812FC27584A6B00853C15 /* Fontisto.ttf */; };
		14A8131B27584A6B00853C15 /* Octicons.ttf in Resources */ = {isa = PBXBuildFile; fileRef = 14A812FD27584A6B00853C15 /* Octicons.ttf */; };
		14A8131C27584A6B00853C15 /* Feather.ttf in Resources */ = {isa = PBXBuildFile; fileRef = 14A812FE27584A6B00853C15 /* Feather.ttf */; };
		14A8131D27584A6B00853C15 /* Entypo.ttf in Resources */ = {isa = PBXBuildFile; fileRef = 14A812FF27584A6B00853C15 /* Entypo.ttf */; };
		14A8131E27584A6B00853C15 /* FontAwesome5_Brands.ttf in Resources */ = {isa = PBXBuildFile; fileRef = 14A8130027584A6B00853C15 /* FontAwesome5_Brands.ttf */; };
		14A8131F27584A6B00853C15 /* MaterialCommunityIcons.ttf in Resources */ = {isa = PBXBuildFile; fileRef = 14A8130127584A6B00853C15 /* MaterialCommunityIcons.ttf */; };
		14A8132027584A6B00853C15 /* AntDesign.ttf in Resources */ = {isa = PBXBuildFile; fileRef = 14A8130227584A6B00853C15 /* AntDesign.ttf */; };
		14A8132127584A6B00853C15 /* Foundation.ttf in Resources */ = {isa = PBXBuildFile; fileRef = 14A8130327584A6B00853C15 /* Foundation.ttf */; };
		14A8132227584A6B00853C15 /* Ionicons.ttf in Resources */ = {isa = PBXBuildFile; fileRef = 14A8130427584A6B00853C15 /* Ionicons.ttf */; };
		14A8132327584A6B00853C15 /* FontAwesome5_Solid.ttf in Resources */ = {isa = PBXBuildFile; fileRef = 14A8130527584A6B00853C15 /* FontAwesome5_Solid.ttf */; };
		14A8132427584A6B00853C15 /* FontAwesome5_Regular.ttf in Resources */ = {isa = PBXBuildFile; fileRef = 14A8130627584A6B00853C15 /* FontAwesome5_Regular.ttf */; };
		14A8132527584A6B00853C15 /* FontAwesome.ttf in Resources */ = {isa = PBXBuildFile; fileRef = 14A8130727584A6B00853C15 /* FontAwesome.ttf */; };
		14A8132627584A6B00853C15 /* Zocial.ttf in Resources */ = {isa = PBXBuildFile; fileRef = 14A8130827584A6B00853C15 /* Zocial.ttf */; };
		14A8132727584A6B00853C15 /* EvilIcons.ttf in Resources */ = {isa = PBXBuildFile; fileRef = 14A8130927584A6B00853C15 /* EvilIcons.ttf */; };
		14A8132827584A6B00853C15 /* SimpleLineIcons.ttf in Resources */ = {isa = PBXBuildFile; fileRef = 14A8130A27584A6B00853C15 /* SimpleLineIcons.ttf */; };
		14A8132927584A6B00853C15 /* MaterialIcons.ttf in Resources */ = {isa = PBXBuildFile; fileRef = 14A8130B27584A6B00853C15 /* MaterialIcons.ttf */; };
		14A8132B2758714900853C15 /* IconButton.swift in Sources */ = {isa = PBXBuildFile; fileRef = 14A8132A2758714900853C15 /* IconButton.swift */; };
		14C168DE276C9F4F003BA5EA /* UIKitExtension.swift in Sources */ = {isa = PBXBuildFile; fileRef = 14C168DD276C9F4F003BA5EA /* UIKitExtension.swift */; };
/* End PBXBuildFile section */

/* Begin PBXContainerItemProxy section */
		149C75002741E28F00B5B8C8 /* PBXContainerItemProxy */ = {
			isa = PBXContainerItemProxy;
			containerPortal = 149C74E72741E28D00B5B8C8 /* Project object */;
			proxyType = 1;
			remoteGlobalIDString = 149C74EE2741E28D00B5B8C8;
			remoteInfo = VectorIcons;
		};
		149C750A2741E28F00B5B8C8 /* PBXContainerItemProxy */ = {
			isa = PBXContainerItemProxy;
			containerPortal = 149C74E72741E28D00B5B8C8 /* Project object */;
			proxyType = 1;
			remoteGlobalIDString = 149C74EE2741E28D00B5B8C8;
			remoteInfo = VectorIcons;
		};
/* End PBXContainerItemProxy section */

/* Begin PBXFileReference section */
		14779D0E2761BC9600B64B98 /* IconDemoView.swift */ = {isa = PBXFileReference; lastKnownFileType = sourcecode.swift; path = IconDemoView.swift; sourceTree = "<group>"; };
		149C74EF2741E28D00B5B8C8 /* VectorIcons.app */ = {isa = PBXFileReference; explicitFileType = wrapper.application; includeInIndex = 0; path = VectorIcons.app; sourceTree = BUILT_PRODUCTS_DIR; };
		149C74F22741E28D00B5B8C8 /* VectorIconsApp.swift */ = {isa = PBXFileReference; lastKnownFileType = sourcecode.swift; path = VectorIconsApp.swift; sourceTree = "<group>"; };
		149C74F42741E28D00B5B8C8 /* IconListView.swift */ = {isa = PBXFileReference; lastKnownFileType = sourcecode.swift; path = IconListView.swift; sourceTree = "<group>"; };
		149C74F62741E28F00B5B8C8 /* Assets.xcassets */ = {isa = PBXFileReference; lastKnownFileType = folder.assetcatalog; path = Assets.xcassets; sourceTree = "<group>"; };
		149C74F92741E28F00B5B8C8 /* Preview Assets.xcassets */ = {isa = PBXFileReference; lastKnownFileType = folder.assetcatalog; path = "Preview Assets.xcassets"; sourceTree = "<group>"; };
		149C74FF2741E28F00B5B8C8 /* VectorIconsTests.xctest */ = {isa = PBXFileReference; explicitFileType = wrapper.cfbundle; includeInIndex = 0; path = VectorIconsTests.xctest; sourceTree = BUILT_PRODUCTS_DIR; };
		149C75032741E28F00B5B8C8 /* VectorIconsTests.swift */ = {isa = PBXFileReference; lastKnownFileType = sourcecode.swift; path = VectorIconsTests.swift; sourceTree = "<group>"; };
		149C75092741E28F00B5B8C8 /* VectorIconsUITests.xctest */ = {isa = PBXFileReference; explicitFileType = wrapper.cfbundle; includeInIndex = 0; path = VectorIconsUITests.xctest; sourceTree = BUILT_PRODUCTS_DIR; };
		149C750D2741E28F00B5B8C8 /* VectorIconsUITests.swift */ = {isa = PBXFileReference; lastKnownFileType = sourcecode.swift; path = VectorIconsUITests.swift; sourceTree = "<group>"; };
		149C750F2741E28F00B5B8C8 /* VectorIconsUITestsLaunchTests.swift */ = {isa = PBXFileReference; lastKnownFileType = sourcecode.swift; path = VectorIconsUITestsLaunchTests.swift; sourceTree = "<group>"; };
		149C751D2741E2B600B5B8C8 /* Icon.swift */ = {isa = PBXFileReference; lastKnownFileType = sourcecode.swift; path = Icon.swift; sourceTree = "<group>"; };
		149C75402742008900B5B8C8 /* FontRegistering.swift */ = {isa = PBXFileReference; lastKnownFileType = sourcecode.swift; path = FontRegistering.swift; sourceTree = "<group>"; };
		149C7542274200A500B5B8C8 /* IconFont.swift */ = {isa = PBXFileReference; lastKnownFileType = sourcecode.swift; path = IconFont.swift; sourceTree = "<group>"; };
		14A812ED27584A6B00853C15 /* Entypo.swift */ = {isa = PBXFileReference; fileEncoding = 4; lastKnownFileType = sourcecode.swift; path = Entypo.swift; sourceTree = "<group>"; };
		14A812EE27584A6B00853C15 /* MaterialIcons.swift */ = {isa = PBXFileReference; fileEncoding = 4; lastKnownFileType = sourcecode.swift; path = MaterialIcons.swift; sourceTree = "<group>"; };
		14A812EF27584A6B00853C15 /* Octicons.swift */ = {isa = PBXFileReference; fileEncoding = 4; lastKnownFileType = sourcecode.swift; path = Octicons.swift; sourceTree = "<group>"; };
		14A812F027584A6B00853C15 /* SimpleLineIcons.swift */ = {isa = PBXFileReference; fileEncoding = 4; lastKnownFileType = sourcecode.swift; path = SimpleLineIcons.swift; sourceTree = "<group>"; };
		14A812F127584A6B00853C15 /* Zocial.swift */ = {isa = PBXFileReference; fileEncoding = 4; lastKnownFileType = sourcecode.swift; path = Zocial.swift; sourceTree = "<group>"; };
		14A812F227584A6B00853C15 /* FontAwesome5.swift */ = {isa = PBXFileReference; fileEncoding = 4; lastKnownFileType = sourcecode.swift; path = FontAwesome5.swift; sourceTree = "<group>"; };
		14A812F327584A6B00853C15 /* Feather.swift */ = {isa = PBXFileReference; fileEncoding = 4; lastKnownFileType = sourcecode.swift; path = Feather.swift; sourceTree = "<group>"; };
		14A812F427584A6B00853C15 /* Ionicons.swift */ = {isa = PBXFileReference; fileEncoding = 4; lastKnownFileType = sourcecode.swift; path = Ionicons.swift; sourceTree = "<group>"; };
		14A812F527584A6B00853C15 /* Foundation.swift */ = {isa = PBXFileReference; fileEncoding = 4; lastKnownFileType = sourcecode.swift; path = Foundation.swift; sourceTree = "<group>"; };
		14A812F627584A6B00853C15 /* Fontisto.swift */ = {isa = PBXFileReference; fileEncoding = 4; lastKnownFileType = sourcecode.swift; path = Fontisto.swift; sourceTree = "<group>"; };
		14A812F727584A6B00853C15 /* FontAwesome.swift */ = {isa = PBXFileReference; fileEncoding = 4; lastKnownFileType = sourcecode.swift; path = FontAwesome.swift; sourceTree = "<group>"; };
		14A812F827584A6B00853C15 /* AntDesign.swift */ = {isa = PBXFileReference; fileEncoding = 4; lastKnownFileType = sourcecode.swift; path = AntDesign.swift; sourceTree = "<group>"; };
		14A812F927584A6B00853C15 /* MaterialCommunityIcons.swift */ = {isa = PBXFileReference; fileEncoding = 4; lastKnownFileType = sourcecode.swift; path = MaterialCommunityIcons.swift; sourceTree = "<group>"; };
		14A812FA27584A6B00853C15 /* EvilIcons.swift */ = {isa = PBXFileReference; fileEncoding = 4; lastKnownFileType = sourcecode.swift; path = EvilIcons.swift; sourceTree = "<group>"; };
		14A812FC27584A6B00853C15 /* Fontisto.ttf */ = {isa = PBXFileReference; lastKnownFileType = file; path = Fontisto.ttf; sourceTree = "<group>"; };
		14A812FD27584A6B00853C15 /* Octicons.ttf */ = {isa = PBXFileReference; lastKnownFileType = file; path = Octicons.ttf; sourceTree = "<group>"; };
		14A812FE27584A6B00853C15 /* Feather.ttf */ = {isa = PBXFileReference; lastKnownFileType = file; path = Feather.ttf; sourceTree = "<group>"; };
		14A812FF27584A6B00853C15 /* Entypo.ttf */ = {isa = PBXFileReference; lastKnownFileType = file; path = Entypo.ttf; sourceTree = "<group>"; };
		14A8130027584A6B00853C15 /* FontAwesome5_Brands.ttf */ = {isa = PBXFileReference; lastKnownFileType = file; path = FontAwesome5_Brands.ttf; sourceTree = "<group>"; };
		14A8130127584A6B00853C15 /* MaterialCommunityIcons.ttf */ = {isa = PBXFileReference; lastKnownFileType = file; path = MaterialCommunityIcons.ttf; sourceTree = "<group>"; };
		14A8130227584A6B00853C15 /* AntDesign.ttf */ = {isa = PBXFileReference; lastKnownFileType = file; path = AntDesign.ttf; sourceTree = "<group>"; };
		14A8130327584A6B00853C15 /* Foundation.ttf */ = {isa = PBXFileReference; lastKnownFileType = file; path = Foundation.ttf; sourceTree = "<group>"; };
		14A8130427584A6B00853C15 /* Ionicons.ttf */ = {isa = PBXFileReference; lastKnownFileType = file; path = Ionicons.ttf; sourceTree = "<group>"; };
		14A8130527584A6B00853C15 /* FontAwesome5_Solid.ttf */ = {isa = PBXFileReference; lastKnownFileType = file; path = FontAwesome5_Solid.ttf; sourceTree = "<group>"; };
		14A8130627584A6B00853C15 /* FontAwesome5_Regular.ttf */ = {isa = PBXFileReference; lastKnownFileType = file; path = FontAwesome5_Regular.ttf; sourceTree = "<group>"; };
		14A8130727584A6B00853C15 /* FontAwesome.ttf */ = {isa = PBXFileReference; lastKnownFileType = file; path = FontAwesome.ttf; sourceTree = "<group>"; };
		14A8130827584A6B00853C15 /* Zocial.ttf */ = {isa = PBXFileReference; lastKnownFileType = file; path = Zocial.ttf; sourceTree = "<group>"; };
		14A8130927584A6B00853C15 /* EvilIcons.ttf */ = {isa = PBXFileReference; lastKnownFileType = file; path = EvilIcons.ttf; sourceTree = "<group>"; };
		14A8130A27584A6B00853C15 /* SimpleLineIcons.ttf */ = {isa = PBXFileReference; lastKnownFileType = file; path = SimpleLineIcons.ttf; sourceTree = "<group>"; };
		14A8130B27584A6B00853C15 /* MaterialIcons.ttf */ = {isa = PBXFileReference; lastKnownFileType = file; path = MaterialIcons.ttf; sourceTree = "<group>"; };
		14A8132A2758714900853C15 /* IconButton.swift */ = {isa = PBXFileReference; lastKnownFileType = sourcecode.swift; path = IconButton.swift; sourceTree = "<group>"; };
		14C168DD276C9F4F003BA5EA /* UIKitExtension.swift */ = {isa = PBXFileReference; lastKnownFileType = sourcecode.swift; path = UIKitExtension.swift; sourceTree = "<group>"; };
/* End PBXFileReference section */

/* Begin PBXFrameworksBuildPhase section */
		149C74EC2741E28D00B5B8C8 /* Frameworks */ = {
			isa = PBXFrameworksBuildPhase;
			buildActionMask = 2147483647;
			files = (
			);
			runOnlyForDeploymentPostprocessing = 0;
		};
		149C74FC2741E28F00B5B8C8 /* Frameworks */ = {
			isa = PBXFrameworksBuildPhase;
			buildActionMask = 2147483647;
			files = (
			);
			runOnlyForDeploymentPostprocessing = 0;
		};
		149C75062741E28F00B5B8C8 /* Frameworks */ = {
			isa = PBXFrameworksBuildPhase;
			buildActionMask = 2147483647;
			files = (
			);
			runOnlyForDeploymentPostprocessing = 0;
		};
/* End PBXFrameworksBuildPhase section */

/* Begin PBXGroup section */
		149C74E62741E28D00B5B8C8 = {
			isa = PBXGroup;
			children = (
				149C751C2741E2A400B5B8C8 /* Sources */,
				149C74F12741E28D00B5B8C8 /* VectorIcons */,
				149C75022741E28F00B5B8C8 /* VectorIconsTests */,
				149C750C2741E28F00B5B8C8 /* VectorIconsUITests */,
				149C74F02741E28D00B5B8C8 /* Products */,
			);
			sourceTree = "<group>";
		};
		149C74F02741E28D00B5B8C8 /* Products */ = {
			isa = PBXGroup;
			children = (
				149C74EF2741E28D00B5B8C8 /* VectorIcons.app */,
				149C74FF2741E28F00B5B8C8 /* VectorIconsTests.xctest */,
				149C75092741E28F00B5B8C8 /* VectorIconsUITests.xctest */,
			);
			name = Products;
			sourceTree = "<group>";
		};
		149C74F12741E28D00B5B8C8 /* VectorIcons */ = {
			isa = PBXGroup;
			children = (
				149C74F22741E28D00B5B8C8 /* VectorIconsApp.swift */,
				149C74F42741E28D00B5B8C8 /* IconListView.swift */,
				14779D0E2761BC9600B64B98 /* IconDemoView.swift */,
				149C74F62741E28F00B5B8C8 /* Assets.xcassets */,
				149C74F82741E28F00B5B8C8 /* Preview Content */,
			);
			path = VectorIcons;
			sourceTree = "<group>";
		};
		149C74F82741E28F00B5B8C8 /* Preview Content */ = {
			isa = PBXGroup;
			children = (
				149C74F92741E28F00B5B8C8 /* Preview Assets.xcassets */,
			);
			path = "Preview Content";
			sourceTree = "<group>";
		};
		149C75022741E28F00B5B8C8 /* VectorIconsTests */ = {
			isa = PBXGroup;
			children = (
				149C75032741E28F00B5B8C8 /* VectorIconsTests.swift */,
			);
			path = VectorIconsTests;
			sourceTree = "<group>";
		};
		149C750C2741E28F00B5B8C8 /* VectorIconsUITests */ = {
			isa = PBXGroup;
			children = (
				149C750D2741E28F00B5B8C8 /* VectorIconsUITests.swift */,
				149C750F2741E28F00B5B8C8 /* VectorIconsUITestsLaunchTests.swift */,
			);
			path = VectorIconsUITests;
			sourceTree = "<group>";
		};
		149C751C2741E2A400B5B8C8 /* Sources */ = {
			isa = PBXGroup;
			children = (
				149C751D2741E2B600B5B8C8 /* Icon.swift */,
				14A8132A2758714900853C15 /* IconButton.swift */,
				14C168DD276C9F4F003BA5EA /* UIKitExtension.swift */,
				149C7542274200A500B5B8C8 /* IconFont.swift */,
				149C75402742008900B5B8C8 /* FontRegistering.swift */,
				14A812EC27584A6B00853C15 /* Fonts */,
				14A812FB27584A6B00853C15 /* Resources */,
			);
			path = Sources;
			sourceTree = "<group>";
		};
		14A812EC27584A6B00853C15 /* Fonts */ = {
			isa = PBXGroup;
			children = (
				14A812F827584A6B00853C15 /* AntDesign.swift */,
				14A812ED27584A6B00853C15 /* Entypo.swift */,
				14A812FA27584A6B00853C15 /* EvilIcons.swift */,
				14A812F327584A6B00853C15 /* Feather.swift */,
				14A812F727584A6B00853C15 /* FontAwesome.swift */,
				14A812F227584A6B00853C15 /* FontAwesome5.swift */,
				14A812F627584A6B00853C15 /* Fontisto.swift */,
				14A812F527584A6B00853C15 /* Foundation.swift */,
				14A812F427584A6B00853C15 /* Ionicons.swift */,
				14A812F927584A6B00853C15 /* MaterialCommunityIcons.swift */,
				14A812EE27584A6B00853C15 /* MaterialIcons.swift */,
				14A812EF27584A6B00853C15 /* Octicons.swift */,
				14A812F027584A6B00853C15 /* SimpleLineIcons.swift */,
				14A812F127584A6B00853C15 /* Zocial.swift */,
			);
			path = Fonts;
			sourceTree = "<group>";
		};
		14A812FB27584A6B00853C15 /* Resources */ = {
			isa = PBXGroup;
			children = (
				14A8130227584A6B00853C15 /* AntDesign.ttf */,
				14A812FF27584A6B00853C15 /* Entypo.ttf */,
				14A8130927584A6B00853C15 /* EvilIcons.ttf */,
				14A812FE27584A6B00853C15 /* Feather.ttf */,
				14A8130727584A6B00853C15 /* FontAwesome.ttf */,
				14A8130027584A6B00853C15 /* FontAwesome5_Brands.ttf */,
				14A8130627584A6B00853C15 /* FontAwesome5_Regular.ttf */,
				14A8130527584A6B00853C15 /* FontAwesome5_Solid.ttf */,
				14A812FC27584A6B00853C15 /* Fontisto.ttf */,
				14A8130327584A6B00853C15 /* Foundation.ttf */,
				14A8130427584A6B00853C15 /* Ionicons.ttf */,
				14A8130127584A6B00853C15 /* MaterialCommunityIcons.ttf */,
				14A8130B27584A6B00853C15 /* MaterialIcons.ttf */,
				14A812FD27584A6B00853C15 /* Octicons.ttf */,
				14A8130A27584A6B00853C15 /* SimpleLineIcons.ttf */,
				14A8130827584A6B00853C15 /* Zocial.ttf */,
			);
			path = Resources;
			sourceTree = "<group>";
		};
/* End PBXGroup section */

/* Begin PBXNativeTarget section */
		149C74EE2741E28D00B5B8C8 /* VectorIcons */ = {
			isa = PBXNativeTarget;
			buildConfigurationList = 149C75132741E28F00B5B8C8 /* Build configuration list for PBXNativeTarget "VectorIcons" */;
			buildPhases = (
				149C74EB2741E28D00B5B8C8 /* Sources */,
				149C74EC2741E28D00B5B8C8 /* Frameworks */,
				149C74ED2741E28D00B5B8C8 /* Resources */,
			);
			buildRules = (
			);
			dependencies = (
			);
			name = VectorIcons;
			productName = VectorIcons;
			productReference = 149C74EF2741E28D00B5B8C8 /* VectorIcons.app */;
			productType = "com.apple.product-type.application";
		};
		149C74FE2741E28F00B5B8C8 /* VectorIconsTests */ = {
			isa = PBXNativeTarget;
			buildConfigurationList = 149C75162741E28F00B5B8C8 /* Build configuration list for PBXNativeTarget "VectorIconsTests" */;
			buildPhases = (
				149C74FB2741E28F00B5B8C8 /* Sources */,
				149C74FC2741E28F00B5B8C8 /* Frameworks */,
				149C74FD2741E28F00B5B8C8 /* Resources */,
			);
			buildRules = (
			);
			dependencies = (
				149C75012741E28F00B5B8C8 /* PBXTargetDependency */,
			);
			name = VectorIconsTests;
			productName = VectorIconsTests;
			productReference = 149C74FF2741E28F00B5B8C8 /* VectorIconsTests.xctest */;
			productType = "com.apple.product-type.bundle.unit-test";
		};
		149C75082741E28F00B5B8C8 /* VectorIconsUITests */ = {
			isa = PBXNativeTarget;
			buildConfigurationList = 149C75192741E28F00B5B8C8 /* Build configuration list for PBXNativeTarget "VectorIconsUITests" */;
			buildPhases = (
				149C75052741E28F00B5B8C8 /* Sources */,
				149C75062741E28F00B5B8C8 /* Frameworks */,
				149C75072741E28F00B5B8C8 /* Resources */,
			);
			buildRules = (
			);
			dependencies = (
				149C750B2741E28F00B5B8C8 /* PBXTargetDependency */,
			);
			name = VectorIconsUITests;
			productName = VectorIconsUITests;
			productReference = 149C75092741E28F00B5B8C8 /* VectorIconsUITests.xctest */;
			productType = "com.apple.product-type.bundle.ui-testing";
		};
/* End PBXNativeTarget section */

/* Begin PBXProject section */
		149C74E72741E28D00B5B8C8 /* Project object */ = {
			isa = PBXProject;
			attributes = {
				BuildIndependentTargetsInParallel = 1;
				LastSwiftUpdateCheck = 1300;
				LastUpgradeCheck = 1300;
				TargetAttributes = {
					149C74EE2741E28D00B5B8C8 = {
						CreatedOnToolsVersion = 13.0;
					};
					149C74FE2741E28F00B5B8C8 = {
						CreatedOnToolsVersion = 13.0;
						TestTargetID = 149C74EE2741E28D00B5B8C8;
					};
					149C75082741E28F00B5B8C8 = {
						CreatedOnToolsVersion = 13.0;
						TestTargetID = 149C74EE2741E28D00B5B8C8;
					};
				};
			};
			buildConfigurationList = 149C74EA2741E28D00B5B8C8 /* Build configuration list for PBXProject "VectorIcons" */;
			compatibilityVersion = "Xcode 13.0";
			developmentRegion = en;
			hasScannedForEncodings = 0;
			knownRegions = (
				en,
				Base,
			);
			mainGroup = 149C74E62741E28D00B5B8C8;
			productRefGroup = 149C74F02741E28D00B5B8C8 /* Products */;
			projectDirPath = "";
			projectRoot = "";
			targets = (
				149C74EE2741E28D00B5B8C8 /* VectorIcons */,
				149C74FE2741E28F00B5B8C8 /* VectorIconsTests */,
				149C75082741E28F00B5B8C8 /* VectorIconsUITests */,
			);
		};
/* End PBXProject section */

/* Begin PBXResourcesBuildPhase section */
		149C74ED2741E28D00B5B8C8 /* Resources */ = {
			isa = PBXResourcesBuildPhase;
			buildActionMask = 2147483647;
			files = (
				14A8131A27584A6B00853C15 /* Fontisto.ttf in Resources */,
				14A8132527584A6B00853C15 /* FontAwesome.ttf in Resources */,
				14A8132127584A6B00853C15 /* Foundation.ttf in Resources */,
				14A8132427584A6B00853C15 /* FontAwesome5_Regular.ttf in Resources */,
				14A8132227584A6B00853C15 /* Ionicons.ttf in Resources */,
				14A8132727584A6B00853C15 /* EvilIcons.ttf in Resources */,
				14A8131D27584A6B00853C15 /* Entypo.ttf in Resources */,
				149C74FA2741E28F00B5B8C8 /* Preview Assets.xcassets in Resources */,
				14A8132627584A6B00853C15 /* Zocial.ttf in Resources */,
				14A8132827584A6B00853C15 /* SimpleLineIcons.ttf in Resources */,
				14A8131C27584A6B00853C15 /* Feather.ttf in Resources */,
				14A8131B27584A6B00853C15 /* Octicons.ttf in Resources */,
				14A8131E27584A6B00853C15 /* FontAwesome5_Brands.ttf in Resources */,
				14A8132027584A6B00853C15 /* AntDesign.ttf in Resources */,
				14A8132927584A6B00853C15 /* MaterialIcons.ttf in Resources */,
				14A8132327584A6B00853C15 /* FontAwesome5_Solid.ttf in Resources */,
				14A8131F27584A6B00853C15 /* MaterialCommunityIcons.ttf in Resources */,
				149C74F72741E28F00B5B8C8 /* Assets.xcassets in Resources */,
			);
			runOnlyForDeploymentPostprocessing = 0;
		};
		149C74FD2741E28F00B5B8C8 /* Resources */ = {
			isa = PBXResourcesBuildPhase;
			buildActionMask = 2147483647;
			files = (
			);
			runOnlyForDeploymentPostprocessing = 0;
		};
		149C75072741E28F00B5B8C8 /* Resources */ = {
			isa = PBXResourcesBuildPhase;
			buildActionMask = 2147483647;
			files = (
			);
			runOnlyForDeploymentPostprocessing = 0;
		};
/* End PBXResourcesBuildPhase section */

/* Begin PBXSourcesBuildPhase section */
		149C74EB2741E28D00B5B8C8 /* Sources */ = {
			isa = PBXSourcesBuildPhase;
			buildActionMask = 2147483647;
			files = (
				14A8131927584A6B00853C15 /* EvilIcons.swift in Sources */,
				149C7543274200A500B5B8C8 /* IconFont.swift in Sources */,
				14A8131727584A6B00853C15 /* AntDesign.swift in Sources */,
				149C751E2741E2B600B5B8C8 /* Icon.swift in Sources */,
				14A8130C27584A6B00853C15 /* Entypo.swift in Sources */,
				14A8131327584A6B00853C15 /* Ionicons.swift in Sources */,
				14A8131627584A6B00853C15 /* FontAwesome.swift in Sources */,
				14A8131227584A6B00853C15 /* Feather.swift in Sources */,
				14A8132B2758714900853C15 /* IconButton.swift in Sources */,
				14A8130E27584A6B00853C15 /* Octicons.swift in Sources */,
				14A8131427584A6B00853C15 /* Foundation.swift in Sources */,
				149C74F52741E28D00B5B8C8 /* IconListView.swift in Sources */,
				14A8131027584A6B00853C15 /* Zocial.swift in Sources */,
				14A8131827584A6B00853C15 /* MaterialCommunityIcons.swift in Sources */,
				149C75412742008900B5B8C8 /* FontRegistering.swift in Sources */,
				14A8131127584A6B00853C15 /* FontAwesome5.swift in Sources */,
				14779D0F2761BC9600B64B98 /* IconDemoView.swift in Sources */,
				14A8131527584A6B00853C15 /* Fontisto.swift in Sources */,
				14A8130D27584A6B00853C15 /* MaterialIcons.swift in Sources */,
				14A8130F27584A6B00853C15 /* SimpleLineIcons.swift in Sources */,
				14C168DE276C9F4F003BA5EA /* UIKitExtension.swift in Sources */,
				149C74F32741E28D00B5B8C8 /* VectorIconsApp.swift in Sources */,
			);
			runOnlyForDeploymentPostprocessing = 0;
		};
		149C74FB2741E28F00B5B8C8 /* Sources */ = {
			isa = PBXSourcesBuildPhase;
			buildActionMask = 2147483647;
			files = (
				149C75042741E28F00B5B8C8 /* VectorIconsTests.swift in Sources */,
			);
			runOnlyForDeploymentPostprocessing = 0;
		};
		149C75052741E28F00B5B8C8 /* Sources */ = {
			isa = PBXSourcesBuildPhase;
			buildActionMask = 2147483647;
			files = (
				149C75102741E28F00B5B8C8 /* VectorIconsUITestsLaunchTests.swift in Sources */,
				149C750E2741E28F00B5B8C8 /* VectorIconsUITests.swift in Sources */,
			);
			runOnlyForDeploymentPostprocessing = 0;
		};
/* End PBXSourcesBuildPhase section */

/* Begin PBXTargetDependency section */
		149C75012741E28F00B5B8C8 /* PBXTargetDependency */ = {
			isa = PBXTargetDependency;
			target = 149C74EE2741E28D00B5B8C8 /* VectorIcons */;
			targetProxy = 149C75002741E28F00B5B8C8 /* PBXContainerItemProxy */;
		};
		149C750B2741E28F00B5B8C8 /* PBXTargetDependency */ = {
			isa = PBXTargetDependency;
			target = 149C74EE2741E28D00B5B8C8 /* VectorIcons */;
			targetProxy = 149C750A2741E28F00B5B8C8 /* PBXContainerItemProxy */;
		};
/* End PBXTargetDependency section */

/* Begin XCBuildConfiguration section */
		149C75112741E28F00B5B8C8 /* Debug */ = {
			isa = XCBuildConfiguration;
			buildSettings = {
				ALWAYS_SEARCH_USER_PATHS = NO;
				CLANG_ANALYZER_NONNULL = YES;
				CLANG_ANALYZER_NUMBER_OBJECT_CONVERSION = YES_AGGRESSIVE;
				CLANG_CXX_LANGUAGE_STANDARD = "gnu++17";
				CLANG_CXX_LIBRARY = "libc++";
				CLANG_ENABLE_MODULES = YES;
				CLANG_ENABLE_OBJC_ARC = YES;
				CLANG_ENABLE_OBJC_WEAK = YES;
				CLANG_WARN_BLOCK_CAPTURE_AUTORELEASING = YES;
				CLANG_WARN_BOOL_CONVERSION = YES;
				CLANG_WARN_COMMA = YES;
				CLANG_WARN_CONSTANT_CONVERSION = YES;
				CLANG_WARN_DEPRECATED_OBJC_IMPLEMENTATIONS = YES;
				CLANG_WARN_DIRECT_OBJC_ISA_USAGE = YES_ERROR;
				CLANG_WARN_DOCUMENTATION_COMMENTS = YES;
				CLANG_WARN_EMPTY_BODY = YES;
				CLANG_WARN_ENUM_CONVERSION = YES;
				CLANG_WARN_INFINITE_RECURSION = YES;
				CLANG_WARN_INT_CONVERSION = YES;
				CLANG_WARN_NON_LITERAL_NULL_CONVERSION = YES;
				CLANG_WARN_OBJC_IMPLICIT_RETAIN_SELF = YES;
				CLANG_WARN_OBJC_LITERAL_CONVERSION = YES;
				CLANG_WARN_OBJC_ROOT_CLASS = YES_ERROR;
				CLANG_WARN_QUOTED_INCLUDE_IN_FRAMEWORK_HEADER = YES;
				CLANG_WARN_RANGE_LOOP_ANALYSIS = YES;
				CLANG_WARN_STRICT_PROTOTYPES = YES;
				CLANG_WARN_SUSPICIOUS_MOVE = YES;
				CLANG_WARN_UNGUARDED_AVAILABILITY = YES_AGGRESSIVE;
				CLANG_WARN_UNREACHABLE_CODE = YES;
				CLANG_WARN__DUPLICATE_METHOD_MATCH = YES;
				COPY_PHASE_STRIP = NO;
				DEBUG_INFORMATION_FORMAT = dwarf;
				ENABLE_STRICT_OBJC_MSGSEND = YES;
				ENABLE_TESTABILITY = YES;
				GCC_C_LANGUAGE_STANDARD = gnu11;
				GCC_DYNAMIC_NO_PIC = NO;
				GCC_NO_COMMON_BLOCKS = YES;
				GCC_OPTIMIZATION_LEVEL = 0;
				GCC_PREPROCESSOR_DEFINITIONS = (
					"DEBUG=1",
					"$(inherited)",
				);
				GCC_WARN_64_TO_32_BIT_CONVERSION = YES;
				GCC_WARN_ABOUT_RETURN_TYPE = YES_ERROR;
				GCC_WARN_UNDECLARED_SELECTOR = YES;
				GCC_WARN_UNINITIALIZED_AUTOS = YES_AGGRESSIVE;
				GCC_WARN_UNUSED_FUNCTION = YES;
				GCC_WARN_UNUSED_VARIABLE = YES;
				IPHONEOS_DEPLOYMENT_TARGET = 15.0;
				MTL_ENABLE_DEBUG_INFO = INCLUDE_SOURCE;
				MTL_FAST_MATH = YES;
				ONLY_ACTIVE_ARCH = YES;
				SDKROOT = iphoneos;
				SWIFT_ACTIVE_COMPILATION_CONDITIONS = DEBUG;
				SWIFT_OPTIMIZATION_LEVEL = "-Onone";
			};
			name = Debug;
		};
		149C75122741E28F00B5B8C8 /* Release */ = {
			isa = XCBuildConfiguration;
			buildSettings = {
				ALWAYS_SEARCH_USER_PATHS = NO;
				CLANG_ANALYZER_NONNULL = YES;
				CLANG_ANALYZER_NUMBER_OBJECT_CONVERSION = YES_AGGRESSIVE;
				CLANG_CXX_LANGUAGE_STANDARD = "gnu++17";
				CLANG_CXX_LIBRARY = "libc++";
				CLANG_ENABLE_MODULES = YES;
				CLANG_ENABLE_OBJC_ARC = YES;
				CLANG_ENABLE_OBJC_WEAK = YES;
				CLANG_WARN_BLOCK_CAPTURE_AUTORELEASING = YES;
				CLANG_WARN_BOOL_CONVERSION = YES;
				CLANG_WARN_COMMA = YES;
				CLANG_WARN_CONSTANT_CONVERSION = YES;
				CLANG_WARN_DEPRECATED_OBJC_IMPLEMENTATIONS = YES;
				CLANG_WARN_DIRECT_OBJC_ISA_USAGE = YES_ERROR;
				CLANG_WARN_DOCUMENTATION_COMMENTS = YES;
				CLANG_WARN_EMPTY_BODY = YES;
				CLANG_WARN_ENUM_CONVERSION = YES;
				CLANG_WARN_INFINITE_RECURSION = YES;
				CLANG_WARN_INT_CONVERSION = YES;
				CLANG_WARN_NON_LITERAL_NULL_CONVERSION = YES;
				CLANG_WARN_OBJC_IMPLICIT_RETAIN_SELF = YES;
				CLANG_WARN_OBJC_LITERAL_CONVERSION = YES;
				CLANG_WARN_OBJC_ROOT_CLASS = YES_ERROR;
				CLANG_WARN_QUOTED_INCLUDE_IN_FRAMEWORK_HEADER = YES;
				CLANG_WARN_RANGE_LOOP_ANALYSIS = YES;
				CLANG_WARN_STRICT_PROTOTYPES = YES;
				CLANG_WARN_SUSPICIOUS_MOVE = YES;
				CLANG_WARN_UNGUARDED_AVAILABILITY = YES_AGGRESSIVE;
				CLANG_WARN_UNREACHABLE_CODE = YES;
				CLANG_WARN__DUPLICATE_METHOD_MATCH = YES;
				COPY_PHASE_STRIP = NO;
				DEBUG_INFORMATION_FORMAT = "dwarf-with-dsym";
				ENABLE_NS_ASSERTIONS = NO;
				ENABLE_STRICT_OBJC_MSGSEND = YES;
				GCC_C_LANGUAGE_STANDARD = gnu11;
				GCC_NO_COMMON_BLOCKS = YES;
				GCC_WARN_64_TO_32_BIT_CONVERSION = YES;
				GCC_WARN_ABOUT_RETURN_TYPE = YES_ERROR;
				GCC_WARN_UNDECLARED_SELECTOR = YES;
				GCC_WARN_UNINITIALIZED_AUTOS = YES_AGGRESSIVE;
				GCC_WARN_UNUSED_FUNCTION = YES;
				GCC_WARN_UNUSED_VARIABLE = YES;
				IPHONEOS_DEPLOYMENT_TARGET = 15.0;
				MTL_ENABLE_DEBUG_INFO = NO;
				MTL_FAST_MATH = YES;
				SDKROOT = iphoneos;
				SWIFT_COMPILATION_MODE = wholemodule;
				SWIFT_OPTIMIZATION_LEVEL = "-O";
				VALIDATE_PRODUCT = YES;
			};
			name = Release;
		};
		149C75142741E28F00B5B8C8 /* Debug */ = {
			isa = XCBuildConfiguration;
			buildSettings = {
				ASSETCATALOG_COMPILER_APPICON_NAME = AppIcon;
				ASSETCATALOG_COMPILER_GLOBAL_ACCENT_COLOR_NAME = AccentColor;
				CODE_SIGN_STYLE = Automatic;
				CURRENT_PROJECT_VERSION = 1;
				DEVELOPMENT_ASSET_PATHS = "\"VectorIcons/Preview Content\"";
				ENABLE_PREVIEWS = YES;
				GENERATE_INFOPLIST_FILE = YES;
				INFOPLIST_KEY_UIApplicationSceneManifest_Generation = YES;
				INFOPLIST_KEY_UIApplicationSupportsIndirectInputEvents = YES;
				INFOPLIST_KEY_UILaunchScreen_Generation = YES;
				INFOPLIST_KEY_UISupportedInterfaceOrientations_iPad = "UIInterfaceOrientationPortrait UIInterfaceOrientationPortraitUpsideDown UIInterfaceOrientationLandscapeLeft UIInterfaceOrientationLandscapeRight";
				INFOPLIST_KEY_UISupportedInterfaceOrientations_iPhone = "UIInterfaceOrientationPortrait UIInterfaceOrientationLandscapeLeft UIInterfaceOrientationLandscapeRight";
				IPHONEOS_DEPLOYMENT_TARGET = 14.0;
				LD_RUNPATH_SEARCH_PATHS = (
					"$(inherited)",
					"@executable_path/Frameworks",
				);
				MARKETING_VERSION = 1.0;
				PRODUCT_BUNDLE_IDENTIFIER = com.dinhquan.VectorIcons;
				PRODUCT_NAME = "$(TARGET_NAME)";
				SWIFT_EMIT_LOC_STRINGS = YES;
				SWIFT_VERSION = 5.0;
				TARGETED_DEVICE_FAMILY = "1,2";
			};
			name = Debug;
		};
		149C75152741E28F00B5B8C8 /* Release */ = {
			isa = XCBuildConfiguration;
			buildSettings = {
				ASSETCATALOG_COMPILER_APPICON_NAME = AppIcon;
				ASSETCATALOG_COMPILER_GLOBAL_ACCENT_COLOR_NAME = AccentColor;
				CODE_SIGN_STYLE = Automatic;
				CURRENT_PROJECT_VERSION = 1;
				DEVELOPMENT_ASSET_PATHS = "\"VectorIcons/Preview Content\"";
				ENABLE_PREVIEWS = YES;
				GENERATE_INFOPLIST_FILE = YES;
				INFOPLIST_KEY_UIApplicationSceneManifest_Generation = YES;
				INFOPLIST_KEY_UIApplicationSupportsIndirectInputEvents = YES;
				INFOPLIST_KEY_UILaunchScreen_Generation = YES;
				INFOPLIST_KEY_UISupportedInterfaceOrientations_iPad = "UIInterfaceOrientationPortrait UIInterfaceOrientationPortraitUpsideDown UIInterfaceOrientationLandscapeLeft UIInterfaceOrientationLandscapeRight";
				INFOPLIST_KEY_UISupportedInterfaceOrientations_iPhone = "UIInterfaceOrientationPortrait UIInterfaceOrientationLandscapeLeft UIInterfaceOrientationLandscapeRight";
				IPHONEOS_DEPLOYMENT_TARGET = 14.0;
				LD_RUNPATH_SEARCH_PATHS = (
					"$(inherited)",
					"@executable_path/Frameworks",
				);
				MARKETING_VERSION = 1.0;
				PRODUCT_BUNDLE_IDENTIFIER = com.dinhquan.VectorIcons;
				PRODUCT_NAME = "$(TARGET_NAME)";
				SWIFT_EMIT_LOC_STRINGS = YES;
				SWIFT_VERSION = 5.0;
				TARGETED_DEVICE_FAMILY = "1,2";
			};
			name = Release;
		};
		149C75172741E28F00B5B8C8 /* Debug */ = {
			isa = XCBuildConfiguration;
			buildSettings = {
				ALWAYS_EMBED_SWIFT_STANDARD_LIBRARIES = YES;
				BUNDLE_LOADER = "$(TEST_HOST)";
				CODE_SIGN_STYLE = Automatic;
				CURRENT_PROJECT_VERSION = 1;
				GENERATE_INFOPLIST_FILE = YES;
				IPHONEOS_DEPLOYMENT_TARGET = 14.0;
				LD_RUNPATH_SEARCH_PATHS = (
					"$(inherited)",
					"@executable_path/Frameworks",
					"@loader_path/Frameworks",
				);
				MARKETING_VERSION = 1.0;
				PRODUCT_BUNDLE_IDENTIFIER = com.dinhquan.VectorIconsTests;
				PRODUCT_NAME = "$(TARGET_NAME)";
				SWIFT_EMIT_LOC_STRINGS = NO;
				SWIFT_VERSION = 5.0;
				TARGETED_DEVICE_FAMILY = "1,2";
				TEST_HOST = "$(BUILT_PRODUCTS_DIR)/VectorIcons.app/VectorIcons";
			};
			name = Debug;
		};
		149C75182741E28F00B5B8C8 /* Release */ = {
			isa = XCBuildConfiguration;
			buildSettings = {
				ALWAYS_EMBED_SWIFT_STANDARD_LIBRARIES = YES;
				BUNDLE_LOADER = "$(TEST_HOST)";
				CODE_SIGN_STYLE = Automatic;
				CURRENT_PROJECT_VERSION = 1;
				GENERATE_INFOPLIST_FILE = YES;
				IPHONEOS_DEPLOYMENT_TARGET = 14.0;
				LD_RUNPATH_SEARCH_PATHS = (
					"$(inherited)",
					"@executable_path/Frameworks",
					"@loader_path/Frameworks",
				);
				MARKETING_VERSION = 1.0;
				PRODUCT_BUNDLE_IDENTIFIER = com.dinhquan.VectorIconsTests;
				PRODUCT_NAME = "$(TARGET_NAME)";
				SWIFT_EMIT_LOC_STRINGS = NO;
				SWIFT_VERSION = 5.0;
				TARGETED_DEVICE_FAMILY = "1,2";
				TEST_HOST = "$(BUILT_PRODUCTS_DIR)/VectorIcons.app/VectorIcons";
			};
			name = Release;
		};
		149C751A2741E28F00B5B8C8 /* Debug */ = {
			isa = XCBuildConfiguration;
			buildSettings = {
				ALWAYS_EMBED_SWIFT_STANDARD_LIBRARIES = YES;
				CODE_SIGN_STYLE = Automatic;
				CURRENT_PROJECT_VERSION = 1;
				GENERATE_INFOPLIST_FILE = YES;
				LD_RUNPATH_SEARCH_PATHS = (
					"$(inherited)",
					"@executable_path/Frameworks",
					"@loader_path/Frameworks",
				);
				MARKETING_VERSION = 1.0;
				PRODUCT_BUNDLE_IDENTIFIER = com.dinhquan.VectorIconsUITests;
				PRODUCT_NAME = "$(TARGET_NAME)";
				SWIFT_EMIT_LOC_STRINGS = NO;
				SWIFT_VERSION = 5.0;
				TARGETED_DEVICE_FAMILY = "1,2";
				TEST_TARGET_NAME = VectorIcons;
			};
			name = Debug;
		};
		149C751B2741E28F00B5B8C8 /* Release */ = {
			isa = XCBuildConfiguration;
			buildSettings = {
				ALWAYS_EMBED_SWIFT_STANDARD_LIBRARIES = YES;
				CODE_SIGN_STYLE = Automatic;
				CURRENT_PROJECT_VERSION = 1;
				GENERATE_INFOPLIST_FILE = YES;
				LD_RUNPATH_SEARCH_PATHS = (
					"$(inherited)",
					"@executable_path/Frameworks",
					"@loader_path/Frameworks",
				);
				MARKETING_VERSION = 1.0;
				PRODUCT_BUNDLE_IDENTIFIER = com.dinhquan.VectorIconsUITests;
				PRODUCT_NAME = "$(TARGET_NAME)";
				SWIFT_EMIT_LOC_STRINGS = NO;
				SWIFT_VERSION = 5.0;
				TARGETED_DEVICE_FAMILY = "1,2";
				TEST_TARGET_NAME = VectorIcons;
			};
			name = Release;
		};
/* End XCBuildConfiguration section */

/* Begin XCConfigurationList section */
		149C74EA2741E28D00B5B8C8 /* Build configuration list for PBXProject "VectorIcons" */ = {
			isa = XCConfigurationList;
			buildConfigurations = (
				149C75112741E28F00B5B8C8 /* Debug */,
				149C75122741E28F00B5B8C8 /* Release */,
			);
			defaultConfigurationIsVisible = 0;
			defaultConfigurationName = Release;
		};
		149C75132741E28F00B5B8C8 /* Build configuration list for PBXNativeTarget "VectorIcons" */ = {
			isa = XCConfigurationList;
			buildConfigurations = (
				149C75142741E28F00B5B8C8 /* Debug */,
				149C75152741E28F00B5B8C8 /* Release */,
			);
			defaultConfigurationIsVisible = 0;
			defaultConfigurationName = Release;
		};
		149C75162741E28F00B5B8C8 /* Build configuration list for PBXNativeTarget "VectorIconsTests" */ = {
			isa = XCConfigurationList;
			buildConfigurations = (
				149C75172741E28F00B5B8C8 /* Debug */,
				149C75182741E28F00B5B8C8 /* Release */,
			);
			defaultConfigurationIsVisible = 0;
			defaultConfigurationName = Release;
		};
		149C75192741E28F00B5B8C8 /* Build configuration list for PBXNativeTarget "VectorIconsUITests" */ = {
			isa = XCConfigurationList;
			buildConfigurations = (
				149C751A2741E28F00B5B8C8 /* Debug */,
				149C751B2741E28F00B5B8C8 /* Release */,
			);
			defaultConfigurationIsVisible = 0;
			defaultConfigurationName = Release;
		};
/* End XCConfigurationList section */
	};
	rootObject = 149C74E72741E28D00B5B8C8 /* Project object */;
}
